
Microsoft Visual Studio Solution File, Format Version 12.00
# Visual Studio Version 17
VisualStudioVersion = 17.3.32929.385
MinimumVisualStudioVersion = 10.0.40219.1
Project("{FAE04EC0-301F-11D3-BF4B-00C04F79EFBC}") = "exercicio4AppJanela", "exercicio4AppJanela\exercicio4AppJanela.csproj", "{DD27322C-502F-4174-BFB3-A30C9DA341CC}"
EndProject
Global
	GlobalSection(SolutionConfigurationPlatforms) = preSolution
		Debug|Any CPU = Debug|Any CPU
		Release|Any CPU = Release|Any CPU
	EndGlobalSection
	GlobalSection(ProjectConfigurationPlatforms) = postSolution
		{DD27322C-502F-4174-BFB3-A30C9DA341CC}.Debug|Any CPU.ActiveCfg = Debug|Any CPU
		{DD27322C-502F-4174-BFB3-A30C9DA341CC}.Debug|Any CPU.Build.0 = Debug|Any CPU
		{DD27322C-502F-4174-BFB3-A30C9DA341CC}.Release|Any CPU.ActiveCfg = Release|Any CPU
		{DD27322C-502F-4174-BFB3-A30C9DA341CC}.Release|Any CPU.Build.0 = Release|Any CPU
	EndGlobalSection
	GlobalSection(SolutionProperties) = preSolution
		HideSolutionNode = FALSE
	EndGlobalSection
	GlobalSection(ExtensibilityGlobals) = postSolution
		SolutionGuid = {0EF8FAE5-848B-44A8-B723-8E5E0DA8CF5E}
	EndGlobalSection
EndGlobal
