
Microsoft Visual Studio Solution File, Format Version 12.00
# Visual Studio Version 17
VisualStudioVersion = 17.3.32929.385
MinimumVisualStudioVersion = 10.0.40219.1
Project("{FAE04EC0-301F-11D3-BF4B-00C04F79EFBC}") = "ValorEConsoleApp", "ValorEConsoleApp\ValorEConsoleApp.csproj", "{D66CBEF0-CD7D-469B-8333-751726344E05}"
EndProject
Global
	GlobalSection(SolutionConfigurationPlatforms) = preSolution
		Debug|Any CPU = Debug|Any CPU
		Release|Any CPU = Release|Any CPU
	EndGlobalSection
	GlobalSection(ProjectConfigurationPlatforms) = postSolution
		{D66CBEF0-CD7D-469B-8333-751726344E05}.Debug|Any CPU.ActiveCfg = Debug|Any CPU
		{D66CBEF0-CD7D-469B-8333-751726344E05}.Debug|Any CPU.Build.0 = Debug|Any CPU
		{D66CBEF0-CD7D-469B-8333-751726344E05}.Release|Any CPU.ActiveCfg = Release|Any CPU
		{D66CBEF0-CD7D-469B-8333-751726344E05}.Release|Any CPU.Build.0 = Release|Any CPU
	EndGlobalSection
	GlobalSection(SolutionProperties) = preSolution
		HideSolutionNode = FALSE
	EndGlobalSection
	GlobalSection(ExtensibilityGlobals) = postSolution
		SolutionGuid = {1ADD08ED-2424-492B-B803-3D104EB9471A}
	EndGlobalSection
EndGlobal
