
Microsoft Visual Studio Solution File, Format Version 12.00
# Visual Studio Version 17
VisualStudioVersion = 17.3.32929.385
MinimumVisualStudioVersion = 10.0.40219.1
Project("{FAE04EC0-301F-11D3-BF4B-00C04F79EFBC}") = "CalculoImpostoAppJanela", "CalculoImpostoAppJanela\CalculoImpostoAppJanela.csproj", "{35BBF2D9-4CDB-41CE-94FA-3EE3AAE35604}"
EndProject
Global
	GlobalSection(SolutionConfigurationPlatforms) = preSolution
		Debug|Any CPU = Debug|Any CPU
		Release|Any CPU = Release|Any CPU
	EndGlobalSection
	GlobalSection(ProjectConfigurationPlatforms) = postSolution
		{35BBF2D9-4CDB-41CE-94FA-3EE3AAE35604}.Debug|Any CPU.ActiveCfg = Debug|Any CPU
		{35BBF2D9-4CDB-41CE-94FA-3EE3AAE35604}.Debug|Any CPU.Build.0 = Debug|Any CPU
		{35BBF2D9-4CDB-41CE-94FA-3EE3AAE35604}.Release|Any CPU.ActiveCfg = Release|Any CPU
		{35BBF2D9-4CDB-41CE-94FA-3EE3AAE35604}.Release|Any CPU.Build.0 = Release|Any CPU
	EndGlobalSection
	GlobalSection(SolutionProperties) = preSolution
		HideSolutionNode = FALSE
	EndGlobalSection
	GlobalSection(ExtensibilityGlobals) = postSolution
		SolutionGuid = {A28919C2-6A38-4388-9C1C-516EECAC15DA}
	EndGlobalSection
EndGlobal
